
Microsoft Visual Studio Solution File, Format Version 10.00
# Visual Studio 2008
Project("{FAE04EC0-301F-11D3-BF4B-00C04F79EFBC}") = "GoldQuest 1393", "GoldQuest 1393\GoldQuest 1393.csproj", "{ABE7A8AA-7B84-4F44-A1A4-2B7D84B830FE}"
EndProject
Global
	GlobalSection(SolutionConfigurationPlatforms) = preSolution
		Debug|Any CPU = Debug|Any CPU
		Release|Any CPU = Release|Any CPU
	EndGlobalSection
	GlobalSection(ProjectConfigurationPlatforms) = postSolution
		{ABE7A8AA-7B84-4F44-A1A4-2B7D84B830FE}.Debug|Any CPU.ActiveCfg = Debug|Any CPU
		{ABE7A8AA-7B84-4F44-A1A4-2B7D84B830FE}.Debug|Any CPU.Build.0 = Debug|Any CPU
		{ABE7A8AA-7B84-4F44-A1A4-2B7D84B830FE}.Release|Any CPU.ActiveCfg = Release|Any CPU
		{ABE7A8AA-7B84-4F44-A1A4-2B7D84B830FE}.Release|Any CPU.Build.0 = Release|Any CPU
	EndGlobalSection
	GlobalSection(SolutionProperties) = preSolution
		HideSolutionNode = FALSE
	EndGlobalSection
EndGlobal
